
Microsoft Visual Studio Solution File, Format Version 12.00
# Visual Studio Version 16
VisualStudioVersion = 16.0.31129.286
MinimumVisualStudioVersion = 10.0.40219.1
Project("{FAE04EC0-301F-11D3-BF4B-00C04F79EFBC}") = "ClubeDaLeitura", "ClubeDaLeitura\ClubeDaLeitura.csproj", "{67601193-3204-4527-879D-BFD47B011068}"
EndProject
Global
	GlobalSection(SolutionConfigurationPlatforms) = preSolution
		Debug|Any CPU = Debug|Any CPU
		Release|Any CPU = Release|Any CPU
	EndGlobalSection
	GlobalSection(ProjectConfigurationPlatforms) = postSolution
		{67601193-3204-4527-879D-BFD47B011068}.Debug|Any CPU.ActiveCfg = Debug|Any CPU
		{67601193-3204-4527-879D-BFD47B011068}.Debug|Any CPU.Build.0 = Debug|Any CPU
		{67601193-3204-4527-879D-BFD47B011068}.Release|Any CPU.ActiveCfg = Release|Any CPU
		{67601193-3204-4527-879D-BFD47B011068}.Release|Any CPU.Build.0 = Release|Any CPU
	EndGlobalSection
	GlobalSection(SolutionProperties) = preSolution
		HideSolutionNode = FALSE
	EndGlobalSection
	GlobalSection(ExtensibilityGlobals) = postSolution
		SolutionGuid = {7453C135-94DE-413F-8883-BC82EBDF0AD3}
	EndGlobalSection
EndGlobal
